// !$*UTF8*$!
{
	archiveVersion = 1;
	classes = {
	};
	objectVersion = 46;
	objects = {

/* Begin PBXBuildFile section */
		991B9A7D185A363700AA34A6 /* NSData+Base64.m in Sources */ = {isa = PBXBuildFile; fileRef = 991B9A31185A363700AA34A6 /* NSData+Base64.m */; };
		991B9A7E185A363700AA34A6 /* NSMutableArray+Soap.m in Sources */ = {isa = PBXBuildFile; fileRef = 991B9A33185A363700AA34A6 /* NSMutableArray+Soap.m */; };
		991B9A7F185A363700AA34A6 /* Soap.m in Sources */ = {isa = PBXBuildFile; fileRef = 991B9A35185A363700AA34A6 /* Soap.m */; };
		991B9A80185A363700AA34A6 /* SoapArray.m in Sources */ = {isa = PBXBuildFile; fileRef = 991B9A37185A363700AA34A6 /* SoapArray.m */; };
		991B9A81185A363700AA34A6 /* SoapDictionary.m in Sources */ = {isa = PBXBuildFile; fileRef = 991B9A3A185A363700AA34A6 /* SoapDictionary.m */; };
		991B9A82185A363700AA34A6 /* SoapFault.m in Sources */ = {isa = PBXBuildFile; fileRef = 991B9A3C185A363700AA34A6 /* SoapFault.m */; };
		991B9A83185A363700AA34A6 /* SoapHandler.m in Sources */ = {isa = PBXBuildFile; fileRef = 991B9A3E185A363700AA34A6 /* SoapHandler.m */; };
		991B9A84185A363700AA34A6 /* SoapLiteral.m in Sources */ = {isa = PBXBuildFile; fileRef = 991B9A40185A363700AA34A6 /* SoapLiteral.m */; };
		991B9A85185A363700AA34A6 /* SoapNil.m in Sources */ = {isa = PBXBuildFile; fileRef = 991B9A42185A363700AA34A6 /* SoapNil.m */; };
		991B9A86185A363700AA34A6 /* SoapObject.m in Sources */ = {isa = PBXBuildFile; fileRef = 991B9A44185A363700AA34A6 /* SoapObject.m */; };
		991B9A87185A363700AA34A6 /* SoapParameter.m in Sources */ = {isa = PBXBuildFile; fileRef = 991B9A46185A363700AA34A6 /* SoapParameter.m */; };
		991B9A88185A363700AA34A6 /* SoapReachability.m in Sources */ = {isa = PBXBuildFile; fileRef = 991B9A48185A363700AA34A6 /* SoapReachability.m */; };
		991B9A89185A363700AA34A6 /* SoapRequest.m in Sources */ = {isa = PBXBuildFile; fileRef = 991B9A4A185A363700AA34A6 /* SoapRequest.m */; };
		991B9A8A185A363700AA34A6 /* SoapService.m in Sources */ = {isa = PBXBuildFile; fileRef = 991B9A4C185A363700AA34A6 /* SoapService.m */; };
		991B9A8B185A363700AA34A6 /* CTidy.m in Sources */ = {isa = PBXBuildFile; fileRef = 991B9A4F185A363700AA34A6 /* CTidy.m */; };
		991B9A8C185A363700AA34A6 /* CXHTMLDocument.m in Sources */ = {isa = PBXBuildFile; fileRef = 991B9A51185A363700AA34A6 /* CXHTMLDocument.m */; };
		991B9A8D185A363700AA34A6 /* CXMLDocument.m in Sources */ = {isa = PBXBuildFile; fileRef = 991B9A53185A363700AA34A6 /* CXMLDocument.m */; };
		991B9A8E185A363700AA34A6 /* CXMLDocument_CreationExtensions.m in Sources */ = {isa = PBXBuildFile; fileRef = 991B9A55185A363700AA34A6 /* CXMLDocument_CreationExtensions.m */; };
		991B9A8F185A363700AA34A6 /* CXMLDocument_PrivateExtensions.m in Sources */ = {isa = PBXBuildFile; fileRef = 991B9A57185A363700AA34A6 /* CXMLDocument_PrivateExtensions.m */; };
		991B9A90185A363700AA34A6 /* CXMLElement.m in Sources */ = {isa = PBXBuildFile; fileRef = 991B9A59185A363700AA34A6 /* CXMLElement.m */; };
		991B9A91185A363700AA34A6 /* CXMLElement_CreationExtensions.m in Sources */ = {isa = PBXBuildFile; fileRef = 991B9A5B185A363700AA34A6 /* CXMLElement_CreationExtensions.m */; };
		991B9A92185A363700AA34A6 /* CXMLElement_ElementTreeExtensions.m in Sources */ = {isa = PBXBuildFile; fileRef = 991B9A5D185A363700AA34A6 /* CXMLElement_ElementTreeExtensions.m */; };
		991B9A93185A363700AA34A6 /* CXMLNamespaceNode.m in Sources */ = {isa = PBXBuildFile; fileRef = 991B9A5F185A363700AA34A6 /* CXMLNamespaceNode.m */; };
		991B9A94185A363700AA34A6 /* CXMLNode.m in Sources */ = {isa = PBXBuildFile; fileRef = 991B9A61185A363700AA34A6 /* CXMLNode.m */; };
		991B9A95185A363700AA34A6 /* CXMLNode_CreationExtensions.m in Sources */ = {isa = PBXBuildFile; fileRef = 991B9A63185A363700AA34A6 /* CXMLNode_CreationExtensions.m */; };
		991B9A96185A363700AA34A6 /* CXMLNode_PrivateExtensions.m in Sources */ = {isa = PBXBuildFile; fileRef = 991B9A65185A363700AA34A6 /* CXMLNode_PrivateExtensions.m */; };
		991B9A97185A363700AA34A6 /* CXMLNode_XPathExtensions.m in Sources */ = {isa = PBXBuildFile; fileRef = 991B9A67185A363700AA34A6 /* CXMLNode_XPathExtensions.m */; };
		991B9A99185A374700AA34A6 /* SystemConfiguration.framework in Frameworks */ = {isa = PBXBuildFile; fileRef = 991B9A98185A374700AA34A6 /* SystemConfiguration.framework */; };
		991B9A9E185A4AC200AA34A6 /* libxml2.dylib in Frameworks */ = {isa = PBXBuildFile; fileRef = 991B9A9A185A46B600AA34A6 /* libxml2.dylib */; };
		991BE2E7185E5E1A00AD39CA /* FMRArrayOfCard.m in Sources */ = {isa = PBXBuildFile; fileRef = 991BE2C2185E5E1A00AD39CA /* FMRArrayOfCard.m */; };
		991BE2E8185E5E1A00AD39CA /* FMRArrayOfGoal.m in Sources */ = {isa = PBXBuildFile; fileRef = 991BE2C4185E5E1A00AD39CA /* FMRArrayOfGoal.m */; };
		991BE2E9185E5E1A00AD39CA /* FMRArrayOfMatch.m in Sources */ = {isa = PBXBuildFile; fileRef = 991BE2C6185E5E1A00AD39CA /* FMRArrayOfMatch.m */; };
		991BE2EA185E5E1A00AD39CA /* FMRArrayOfPlayer.m in Sources */ = {isa = PBXBuildFile; fileRef = 991BE2C8185E5E1A00AD39CA /* FMRArrayOfPlayer.m */; };
		991BE2EB185E5E1A00AD39CA /* FMRArrayOfReferee.m in Sources */ = {isa = PBXBuildFile; fileRef = 991BE2CA185E5E1A00AD39CA /* FMRArrayOfReferee.m */; };
		991BE2EC185E5E1A00AD39CA /* FMRArrayOfTeam.m in Sources */ = {isa = PBXBuildFile; fileRef = 991BE2CC185E5E1A00AD39CA /* FMRArrayOfTeam.m */; };
		991BE2ED185E5E1A00AD39CA /* FMRArrayOfTournament.m in Sources */ = {isa = PBXBuildFile; fileRef = 991BE2CE185E5E1A00AD39CA /* FMRArrayOfTournament.m */; };
		991BE2EE185E5E1A00AD39CA /* FMRCard.m in Sources */ = {isa = PBXBuildFile; fileRef = 991BE2D0185E5E1A00AD39CA /* FMRCard.m */; };
		991BE2EF185E5E1A00AD39CA /* FMRCompositeType.m in Sources */ = {isa = PBXBuildFile; fileRef = 991BE2D2185E5E1A00AD39CA /* FMRCompositeType.m */; };
		991BE2F0185E5E1A00AD39CA /* FMRFootballManagementService.m in Sources */ = {isa = PBXBuildFile; fileRef = 991BE2D4185E5E1A00AD39CA /* FMRFootballManagementService.m */; };
		991BE2F1185E5E1A00AD39CA /* FMRGoal.m in Sources */ = {isa = PBXBuildFile; fileRef = 991BE2D6185E5E1A00AD39CA /* FMRGoal.m */; };
		991BE2F2185E5E1B00AD39CA /* FMRMatch.m in Sources */ = {isa = PBXBuildFile; fileRef = 991BE2D8185E5E1A00AD39CA /* FMRMatch.m */; };
		991BE2F3185E5E1B00AD39CA /* FMRPerson.m in Sources */ = {isa = PBXBuildFile; fileRef = 991BE2DA185E5E1A00AD39CA /* FMRPerson.m */; };
		991BE2F4185E5E1B00AD39CA /* FMRPlayer.m in Sources */ = {isa = PBXBuildFile; fileRef = 991BE2DC185E5E1A00AD39CA /* FMRPlayer.m */; };
		991BE2F5185E5E1B00AD39CA /* FMRReferee.m in Sources */ = {isa = PBXBuildFile; fileRef = 991BE2DE185E5E1A00AD39CA /* FMRReferee.m */; };
		991BE2F6185E5E1B00AD39CA /* FMRSudzc.m in Sources */ = {isa = PBXBuildFile; fileRef = 991BE2E0185E5E1A00AD39CA /* FMRSudzc.m */; };
		991BE2F7185E5E1B00AD39CA /* FMRTeam.m in Sources */ = {isa = PBXBuildFile; fileRef = 991BE2E2185E5E1A00AD39CA /* FMRTeam.m */; };
		991BE2F8185E5E1B00AD39CA /* FMRTournament.m in Sources */ = {isa = PBXBuildFile; fileRef = 991BE2E4185E5E1A00AD39CA /* FMRTournament.m */; };
		991BE2F9185E5E1B00AD39CA /* Soap+Prefix.m in Sources */ = {isa = PBXBuildFile; fileRef = 991BE2E6185E5E1A00AD39CA /* Soap+Prefix.m */; };
		991BE2FD185F824C00AD39CA /* FMRPlayersListViewController.m in Sources */ = {isa = PBXBuildFile; fileRef = 991BE2FB185F824C00AD39CA /* FMRPlayersListViewController.m */; };
		991BE2FE185F824D00AD39CA /* FMRPlayersListViewController.xib in Resources */ = {isa = PBXBuildFile; fileRef = 991BE2FC185F824C00AD39CA /* FMRPlayersListViewController.xib */; };
		991BE301185F9DC800AD39CA /* FMRFMRDataController FMRDataController FMRDataController.m in Sources */ = {isa = PBXBuildFile; fileRef = 991BE300185F9DC800AD39CA /* FMRFMRDataController FMRDataController FMRDataController.m */; };
		99323E1518579AEE0055B89C /* FMRTournamentsViewController.xib in Resources */ = {isa = PBXBuildFile; fileRef = 99323E1418579AEE0055B89C /* FMRTournamentsViewController.xib */; };
		99323E1918579C350055B89C /* FMRLeaguesViewController.m in Sources */ = {isa = PBXBuildFile; fileRef = 99323E1718579C350055B89C /* FMRLeaguesViewController.m */; };
		99323E1A18579C350055B89C /* FMRLeaguesViewController.xib in Resources */ = {isa = PBXBuildFile; fileRef = 99323E1818579C350055B89C /* FMRLeaguesViewController.xib */; };
		99323E1E1857A68A0055B89C /* FMRMatchViewController.m in Sources */ = {isa = PBXBuildFile; fileRef = 99323E1C1857A68A0055B89C /* FMRMatchViewController.m */; };
		99323E1F1857A68A0055B89C /* FMRMatchViewController.xib in Resources */ = {isa = PBXBuildFile; fileRef = 99323E1D1857A68A0055B89C /* FMRMatchViewController.xib */; };
		99B1C389184308DD0065D754 /* Foundation.framework in Frameworks */ = {isa = PBXBuildFile; fileRef = 99B1C388184308DD0065D754 /* Foundation.framework */; };
		99B1C38B184308DD0065D754 /* CoreGraphics.framework in Frameworks */ = {isa = PBXBuildFile; fileRef = 99B1C38A184308DD0065D754 /* CoreGraphics.framework */; };
		99B1C38D184308DD0065D754 /* UIKit.framework in Frameworks */ = {isa = PBXBuildFile; fileRef = 99B1C38C184308DD0065D754 /* UIKit.framework */; };
		99B1C393184308DD0065D754 /* InfoPlist.strings in Resources */ = {isa = PBXBuildFile; fileRef = 99B1C391184308DD0065D754 /* InfoPlist.strings */; };
		99B1C395184308DD0065D754 /* main.m in Sources */ = {isa = PBXBuildFile; fileRef = 99B1C394184308DD0065D754 /* main.m */; };
		99B1C399184308DD0065D754 /* FMRAppDelegate.m in Sources */ = {isa = PBXBuildFile; fileRef = 99B1C398184308DD0065D754 /* FMRAppDelegate.m */; };
		99B1C39F184308DE0065D754 /* FMRTournamentsViewController.m in Sources */ = {isa = PBXBuildFile; fileRef = 99B1C39E184308DE0065D754 /* FMRTournamentsViewController.m */; };
		99B1C3A1184308DE0065D754 /* Images.xcassets in Resources */ = {isa = PBXBuildFile; fileRef = 99B1C3A0184308DE0065D754 /* Images.xcassets */; };
		99B1C3A9184308DE0065D754 /* Foundation.framework in Frameworks */ = {isa = PBXBuildFile; fileRef = 99B1C388184308DD0065D754 /* Foundation.framework */; };
		99B1C3AA184308DE0065D754 /* UIKit.framework in Frameworks */ = {isa = PBXBuildFile; fileRef = 99B1C38C184308DD0065D754 /* UIKit.framework */; };
/* End PBXBuildFile section */

/* Begin PBXContainerItemProxy section */
		99B1C3AB184308DE0065D754 /* PBXContainerItemProxy */ = {
			isa = PBXContainerItemProxy;
			containerPortal = 99B1C37D184308DC0065D754 /* Project object */;
			proxyType = 1;
			remoteGlobalIDString = 99B1C384184308DD0065D754;
			remoteInfo = FootballManagementReferee;
		};
/* End PBXContainerItemProxy section */

/* Begin PBXFileReference section */
		991B9A30185A363700AA34A6 /* NSData+Base64.h */ = {isa = PBXFileReference; fileEncoding = 4; lastKnownFileType = sourcecode.c.h; path = "NSData+Base64.h"; sourceTree = "<group>"; };
		991B9A31185A363700AA34A6 /* NSData+Base64.m */ = {isa = PBXFileReference; fileEncoding = 4; lastKnownFileType = sourcecode.c.objc; path = "NSData+Base64.m"; sourceTree = "<group>"; };
		991B9A32185A363700AA34A6 /* NSMutableArray+Soap.h */ = {isa = PBXFileReference; fileEncoding = 4; lastKnownFileType = sourcecode.c.h; path = "NSMutableArray+Soap.h"; sourceTree = "<group>"; };
		991B9A33185A363700AA34A6 /* NSMutableArray+Soap.m */ = {isa = PBXFileReference; fileEncoding = 4; lastKnownFileType = sourcecode.c.objc; path = "NSMutableArray+Soap.m"; sourceTree = "<group>"; };
		991B9A34185A363700AA34A6 /* Soap.h */ = {isa = PBXFileReference; fileEncoding = 4; lastKnownFileType = sourcecode.c.h; path = Soap.h; sourceTree = "<group>"; };
		991B9A35185A363700AA34A6 /* Soap.m */ = {isa = PBXFileReference; fileEncoding = 4; lastKnownFileType = sourcecode.c.objc; path = Soap.m; sourceTree = "<group>"; };
		991B9A36185A363700AA34A6 /* SoapArray.h */ = {isa = PBXFileReference; fileEncoding = 4; lastKnownFileType = sourcecode.c.h; path = SoapArray.h; sourceTree = "<group>"; };
		991B9A37185A363700AA34A6 /* SoapArray.m */ = {isa = PBXFileReference; fileEncoding = 4; lastKnownFileType = sourcecode.c.objc; path = SoapArray.m; sourceTree = "<group>"; };
		991B9A38185A363700AA34A6 /* SoapDelegate.h */ = {isa = PBXFileReference; fileEncoding = 4; lastKnownFileType = sourcecode.c.h; path = SoapDelegate.h; sourceTree = "<group>"; };
		991B9A39185A363700AA34A6 /* SoapDictionary.h */ = {isa = PBXFileReference; fileEncoding = 4; lastKnownFileType = sourcecode.c.h; path = SoapDictionary.h; sourceTree = "<group>"; };
		991B9A3A185A363700AA34A6 /* SoapDictionary.m */ = {isa = PBXFileReference; fileEncoding = 4; lastKnownFileType = sourcecode.c.objc; path = SoapDictionary.m; sourceTree = "<group>"; };
		991B9A3B185A363700AA34A6 /* SoapFault.h */ = {isa = PBXFileReference; fileEncoding = 4; lastKnownFileType = sourcecode.c.h; path = SoapFault.h; sourceTree = "<group>"; };
		991B9A3C185A363700AA34A6 /* SoapFault.m */ = {isa = PBXFileReference; fileEncoding = 4; lastKnownFileType = sourcecode.c.objc; path = SoapFault.m; sourceTree = "<group>"; };
		991B9A3D185A363700AA34A6 /* SoapHandler.h */ = {isa = PBXFileReference; fileEncoding = 4; lastKnownFileType = sourcecode.c.h; path = SoapHandler.h; sourceTree = "<group>"; };
		991B9A3E185A363700AA34A6 /* SoapHandler.m */ = {isa = PBXFileReference; fileEncoding = 4; lastKnownFileType = sourcecode.c.objc; path = SoapHandler.m; sourceTree = "<group>"; };
		991B9A3F185A363700AA34A6 /* SoapLiteral.h */ = {isa = PBXFileReference; fileEncoding = 4; lastKnownFileType = sourcecode.c.h; path = SoapLiteral.h; sourceTree = "<group>"; };
		991B9A40185A363700AA34A6 /* SoapLiteral.m */ = {isa = PBXFileReference; fileEncoding = 4; lastKnownFileType = sourcecode.c.objc; path = SoapLiteral.m; sourceTree = "<group>"; };
		991B9A41185A363700AA34A6 /* SoapNil.h */ = {isa = PBXFileReference; fileEncoding = 4; lastKnownFileType = sourcecode.c.h; path = SoapNil.h; sourceTree = "<group>"; };
		991B9A42185A363700AA34A6 /* SoapNil.m */ = {isa = PBXFileReference; fileEncoding = 4; lastKnownFileType = sourcecode.c.objc; path = SoapNil.m; sourceTree = "<group>"; };
		991B9A43185A363700AA34A6 /* SoapObject.h */ = {isa = PBXFileReference; fileEncoding = 4; lastKnownFileType = sourcecode.c.h; path = SoapObject.h; sourceTree = "<group>"; };
		991B9A44185A363700AA34A6 /* SoapObject.m */ = {isa = PBXFileReference; fileEncoding = 4; lastKnownFileType = sourcecode.c.objc; path = SoapObject.m; sourceTree = "<group>"; };
		991B9A45185A363700AA34A6 /* SoapParameter.h */ = {isa = PBXFileReference; fileEncoding = 4; lastKnownFileType = sourcecode.c.h; path = SoapParameter.h; sourceTree = "<group>"; };
		991B9A46185A363700AA34A6 /* SoapParameter.m */ = {isa = PBXFileReference; fileEncoding = 4; lastKnownFileType = sourcecode.c.objc; path = SoapParameter.m; sourceTree = "<group>"; };
		991B9A47185A363700AA34A6 /* SoapReachability.h */ = {isa = PBXFileReference; fileEncoding = 4; lastKnownFileType = sourcecode.c.h; path = SoapReachability.h; sourceTree = "<group>"; };
		991B9A48185A363700AA34A6 /* SoapReachability.m */ = {isa = PBXFileReference; fileEncoding = 4; lastKnownFileType = sourcecode.c.objc; path = SoapReachability.m; sourceTree = "<group>"; };
		991B9A49185A363700AA34A6 /* SoapRequest.h */ = {isa = PBXFileReference; fileEncoding = 4; lastKnownFileType = sourcecode.c.h; path = SoapRequest.h; sourceTree = "<group>"; };
		991B9A4A185A363700AA34A6 /* SoapRequest.m */ = {isa = PBXFileReference; fileEncoding = 4; lastKnownFileType = sourcecode.c.objc; path = SoapRequest.m; sourceTree = "<group>"; };
		991B9A4B185A363700AA34A6 /* SoapService.h */ = {isa = PBXFileReference; fileEncoding = 4; lastKnownFileType = sourcecode.c.h; path = SoapService.h; sourceTree = "<group>"; };
		991B9A4C185A363700AA34A6 /* SoapService.m */ = {isa = PBXFileReference; fileEncoding = 4; lastKnownFileType = sourcecode.c.objc; path = SoapService.m; sourceTree = "<group>"; };
		991B9A4E185A363700AA34A6 /* CTidy.h */ = {isa = PBXFileReference; fileEncoding = 4; lastKnownFileType = sourcecode.c.h; path = CTidy.h; sourceTree = "<group>"; };
		991B9A4F185A363700AA34A6 /* CTidy.m */ = {isa = PBXFileReference; fileEncoding = 4; lastKnownFileType = sourcecode.c.objc; path = CTidy.m; sourceTree = "<group>"; };
		991B9A50185A363700AA34A6 /* CXHTMLDocument.h */ = {isa = PBXFileReference; fileEncoding = 4; lastKnownFileType = sourcecode.c.h; path = CXHTMLDocument.h; sourceTree = "<group>"; };
		991B9A51185A363700AA34A6 /* CXHTMLDocument.m */ = {isa = PBXFileReference; fileEncoding = 4; lastKnownFileType = sourcecode.c.objc; path = CXHTMLDocument.m; sourceTree = "<group>"; };
		991B9A52185A363700AA34A6 /* CXMLDocument.h */ = {isa = PBXFileReference; fileEncoding = 4; lastKnownFileType = sourcecode.c.h; path = CXMLDocument.h; sourceTree = "<group>"; };
		991B9A53185A363700AA34A6 /* CXMLDocument.m */ = {isa = PBXFileReference; fileEncoding = 4; lastKnownFileType = sourcecode.c.objc; path = CXMLDocument.m; sourceTree = "<group>"; };
		991B9A54185A363700AA34A6 /* CXMLDocument_CreationExtensions.h */ = {isa = PBXFileReference; fileEncoding = 4; lastKnownFileType = sourcecode.c.h; path = CXMLDocument_CreationExtensions.h; sourceTree = "<group>"; };
		991B9A55185A363700AA34A6 /* CXMLDocument_CreationExtensions.m */ = {isa = PBXFileReference; fileEncoding = 4; lastKnownFileType = sourcecode.c.objc; path = CXMLDocument_CreationExtensions.m; sourceTree = "<group>"; };
		991B9A56185A363700AA34A6 /* CXMLDocument_PrivateExtensions.h */ = {isa = PBXFileReference; fileEncoding = 4; lastKnownFileType = sourcecode.c.h; path = CXMLDocument_PrivateExtensions.h; sourceTree = "<group>"; };
		991B9A57185A363700AA34A6 /* CXMLDocument_PrivateExtensions.m */ = {isa = PBXFileReference; fileEncoding = 4; lastKnownFileType = sourcecode.c.objc; path = CXMLDocument_PrivateExtensions.m; sourceTree = "<group>"; };
		991B9A58185A363700AA34A6 /* CXMLElement.h */ = {isa = PBXFileReference; fileEncoding = 4; lastKnownFileType = sourcecode.c.h; path = CXMLElement.h; sourceTree = "<group>"; };
		991B9A59185A363700AA34A6 /* CXMLElement.m */ = {isa = PBXFileReference; fileEncoding = 4; lastKnownFileType = sourcecode.c.objc; path = CXMLElement.m; sourceTree = "<group>"; };
		991B9A5A185A363700AA34A6 /* CXMLElement_CreationExtensions.h */ = {isa = PBXFileReference; fileEncoding = 4; lastKnownFileType = sourcecode.c.h; path = CXMLElement_CreationExtensions.h; sourceTree = "<group>"; };
		991B9A5B185A363700AA34A6 /* CXMLElement_CreationExtensions.m */ = {isa = PBXFileReference; fileEncoding = 4; lastKnownFileType = sourcecode.c.objc; path = CXMLElement_CreationExtensions.m; sourceTree = "<group>"; };
		991B9A5C185A363700AA34A6 /* CXMLElement_ElementTreeExtensions.h */ = {isa = PBXFileReference; fileEncoding = 4; lastKnownFileType = sourcecode.c.h; path = CXMLElement_ElementTreeExtensions.h; sourceTree = "<group>"; };
		991B9A5D185A363700AA34A6 /* CXMLElement_ElementTreeExtensions.m */ = {isa = PBXFileReference; fileEncoding = 4; lastKnownFileType = sourcecode.c.objc; path = CXMLElement_ElementTreeExtensions.m; sourceTree = "<group>"; };
		991B9A5E185A363700AA34A6 /* CXMLNamespaceNode.h */ = {isa = PBXFileReference; fileEncoding = 4; lastKnownFileType = sourcecode.c.h; path = CXMLNamespaceNode.h; sourceTree = "<group>"; };
		991B9A5F185A363700AA34A6 /* CXMLNamespaceNode.m */ = {isa = PBXFileReference; fileEncoding = 4; lastKnownFileType = sourcecode.c.objc; path = CXMLNamespaceNode.m; sourceTree = "<group>"; };
		991B9A60185A363700AA34A6 /* CXMLNode.h */ = {isa = PBXFileReference; fileEncoding = 4; lastKnownFileType = sourcecode.c.h; path = CXMLNode.h; sourceTree = "<group>"; };
		991B9A61185A363700AA34A6 /* CXMLNode.m */ = {isa = PBXFileReference; fileEncoding = 4; lastKnownFileType = sourcecode.c.objc; path = CXMLNode.m; sourceTree = "<group>"; };
		991B9A62185A363700AA34A6 /* CXMLNode_CreationExtensions.h */ = {isa = PBXFileReference; fileEncoding = 4; lastKnownFileType = sourcecode.c.h; path = CXMLNode_CreationExtensions.h; sourceTree = "<group>"; };
		991B9A63185A363700AA34A6 /* CXMLNode_CreationExtensions.m */ = {isa = PBXFileReference; fileEncoding = 4; lastKnownFileType = sourcecode.c.objc; path = CXMLNode_CreationExtensions.m; sourceTree = "<group>"; };
		991B9A64185A363700AA34A6 /* CXMLNode_PrivateExtensions.h */ = {isa = PBXFileReference; fileEncoding = 4; lastKnownFileType = sourcecode.c.h; path = CXMLNode_PrivateExtensions.h; sourceTree = "<group>"; };
		991B9A65185A363700AA34A6 /* CXMLNode_PrivateExtensions.m */ = {isa = PBXFileReference; fileEncoding = 4; lastKnownFileType = sourcecode.c.objc; path = CXMLNode_PrivateExtensions.m; sourceTree = "<group>"; };
		991B9A66185A363700AA34A6 /* CXMLNode_XPathExtensions.h */ = {isa = PBXFileReference; fileEncoding = 4; lastKnownFileType = sourcecode.c.h; path = CXMLNode_XPathExtensions.h; sourceTree = "<group>"; };
		991B9A67185A363700AA34A6 /* CXMLNode_XPathExtensions.m */ = {isa = PBXFileReference; fileEncoding = 4; lastKnownFileType = sourcecode.c.objc; path = CXMLNode_XPathExtensions.m; sourceTree = "<group>"; };
		991B9A68185A363700AA34A6 /* TouchXML.h */ = {isa = PBXFileReference; fileEncoding = 4; lastKnownFileType = sourcecode.c.h; path = TouchXML.h; sourceTree = "<group>"; };
		991B9A98185A374700AA34A6 /* SystemConfiguration.framework */ = {isa = PBXFileReference; lastKnownFileType = wrapper.framework; name = SystemConfiguration.framework; path = System/Library/Frameworks/SystemConfiguration.framework; sourceTree = SDKROOT; };
		991B9A9A185A46B600AA34A6 /* libxml2.dylib */ = {isa = PBXFileReference; lastKnownFileType = "compiled.mach-o.dylib"; name = libxml2.dylib; path = usr/lib/libxml2.dylib; sourceTree = SDKROOT; };
		991BE2C1185E5E1A00AD39CA /* FMRArrayOfCard.h */ = {isa = PBXFileReference; fileEncoding = 4; lastKnownFileType = sourcecode.c.h; path = FMRArrayOfCard.h; sourceTree = "<group>"; };
		991BE2C2185E5E1A00AD39CA /* FMRArrayOfCard.m */ = {isa = PBXFileReference; fileEncoding = 4; lastKnownFileType = sourcecode.c.objc; path = FMRArrayOfCard.m; sourceTree = "<group>"; };
		991BE2C3185E5E1A00AD39CA /* FMRArrayOfGoal.h */ = {isa = PBXFileReference; fileEncoding = 4; lastKnownFileType = sourcecode.c.h; path = FMRArrayOfGoal.h; sourceTree = "<group>"; };
		991BE2C4185E5E1A00AD39CA /* FMRArrayOfGoal.m */ = {isa = PBXFileReference; fileEncoding = 4; lastKnownFileType = sourcecode.c.objc; path = FMRArrayOfGoal.m; sourceTree = "<group>"; };
		991BE2C5185E5E1A00AD39CA /* FMRArrayOfMatch.h */ = {isa = PBXFileReference; fileEncoding = 4; lastKnownFileType = sourcecode.c.h; path = FMRArrayOfMatch.h; sourceTree = "<group>"; };
		991BE2C6185E5E1A00AD39CA /* FMRArrayOfMatch.m */ = {isa = PBXFileReference; fileEncoding = 4; lastKnownFileType = sourcecode.c.objc; path = FMRArrayOfMatch.m; sourceTree = "<group>"; };
		991BE2C7185E5E1A00AD39CA /* FMRArrayOfPlayer.h */ = {isa = PBXFileReference; fileEncoding = 4; lastKnownFileType = sourcecode.c.h; path = FMRArrayOfPlayer.h; sourceTree = "<group>"; };
		991BE2C8185E5E1A00AD39CA /* FMRArrayOfPlayer.m */ = {isa = PBXFileReference; fileEncoding = 4; lastKnownFileType = sourcecode.c.objc; path = FMRArrayOfPlayer.m; sourceTree = "<group>"; };
		991BE2C9185E5E1A00AD39CA /* FMRArrayOfReferee.h */ = {isa = PBXFileReference; fileEncoding = 4; lastKnownFileType = sourcecode.c.h; path = FMRArrayOfReferee.h; sourceTree = "<group>"; };
		991BE2CA185E5E1A00AD39CA /* FMRArrayOfReferee.m */ = {isa = PBXFileReference; fileEncoding = 4; lastKnownFileType = sourcecode.c.objc; path = FMRArrayOfReferee.m; sourceTree = "<group>"; };
		991BE2CB185E5E1A00AD39CA /* FMRArrayOfTeam.h */ = {isa = PBXFileReference; fileEncoding = 4; lastKnownFileType = sourcecode.c.h; path = FMRArrayOfTeam.h; sourceTree = "<group>"; };
		991BE2CC185E5E1A00AD39CA /* FMRArrayOfTeam.m */ = {isa = PBXFileReference; fileEncoding = 4; lastKnownFileType = sourcecode.c.objc; path = FMRArrayOfTeam.m; sourceTree = "<group>"; };
		991BE2CD185E5E1A00AD39CA /* FMRArrayOfTournament.h */ = {isa = PBXFileReference; fileEncoding = 4; lastKnownFileType = sourcecode.c.h; path = FMRArrayOfTournament.h; sourceTree = "<group>"; };
		991BE2CE185E5E1A00AD39CA /* FMRArrayOfTournament.m */ = {isa = PBXFileReference; fileEncoding = 4; lastKnownFileType = sourcecode.c.objc; path = FMRArrayOfTournament.m; sourceTree = "<group>"; };
		991BE2CF185E5E1A00AD39CA /* FMRCard.h */ = {isa = PBXFileReference; fileEncoding = 4; lastKnownFileType = sourcecode.c.h; path = FMRCard.h; sourceTree = "<group>"; };
		991BE2D0185E5E1A00AD39CA /* FMRCard.m */ = {isa = PBXFileReference; fileEncoding = 4; lastKnownFileType = sourcecode.c.objc; path = FMRCard.m; sourceTree = "<group>"; };
		991BE2D1185E5E1A00AD39CA /* FMRCompositeType.h */ = {isa = PBXFileReference; fileEncoding = 4; lastKnownFileType = sourcecode.c.h; path = FMRCompositeType.h; sourceTree = "<group>"; };
		991BE2D2185E5E1A00AD39CA /* FMRCompositeType.m */ = {isa = PBXFileReference; fileEncoding = 4; lastKnownFileType = sourcecode.c.objc; path = FMRCompositeType.m; sourceTree = "<group>"; };
		991BE2D3185E5E1A00AD39CA /* FMRFootballManagementService.h */ = {isa = PBXFileReference; fileEncoding = 4; lastKnownFileType = sourcecode.c.h; path = FMRFootballManagementService.h; sourceTree = "<group>"; };
		991BE2D4185E5E1A00AD39CA /* FMRFootballManagementService.m */ = {isa = PBXFileReference; fileEncoding = 4; lastKnownFileType = sourcecode.c.objc; path = FMRFootballManagementService.m; sourceTree = "<group>"; };
		991BE2D5185E5E1A00AD39CA /* FMRGoal.h */ = {isa = PBXFileReference; fileEncoding = 4; lastKnownFileType = sourcecode.c.h; path = FMRGoal.h; sourceTree = "<group>"; };
		991BE2D6185E5E1A00AD39CA /* FMRGoal.m */ = {isa = PBXFileReference; fileEncoding = 4; lastKnownFileType = sourcecode.c.objc; path = FMRGoal.m; sourceTree = "<group>"; };
		991BE2D7185E5E1A00AD39CA /* FMRMatch.h */ = {isa = PBXFileReference; fileEncoding = 4; lastKnownFileType = sourcecode.c.h; path = FMRMatch.h; sourceTree = "<group>"; };
		991BE2D8185E5E1A00AD39CA /* FMRMatch.m */ = {isa = PBXFileReference; fileEncoding = 4; lastKnownFileType = sourcecode.c.objc; path = FMRMatch.m; sourceTree = "<group>"; };
		991BE2D9185E5E1A00AD39CA /* FMRPerson.h */ = {isa = PBXFileReference; fileEncoding = 4; lastKnownFileType = sourcecode.c.h; path = FMRPerson.h; sourceTree = "<group>"; };
		991BE2DA185E5E1A00AD39CA /* FMRPerson.m */ = {isa = PBXFileReference; fileEncoding = 4; lastKnownFileType = sourcecode.c.objc; path = FMRPerson.m; sourceTree = "<group>"; };
		991BE2DB185E5E1A00AD39CA /* FMRPlayer.h */ = {isa = PBXFileReference; fileEncoding = 4; lastKnownFileType = sourcecode.c.h; path = FMRPlayer.h; sourceTree = "<group>"; };
		991BE2DC185E5E1A00AD39CA /* FMRPlayer.m */ = {isa = PBXFileReference; fileEncoding = 4; lastKnownFileType = sourcecode.c.objc; path = FMRPlayer.m; sourceTree = "<group>"; };
		991BE2DD185E5E1A00AD39CA /* FMRReferee.h */ = {isa = PBXFileReference; fileEncoding = 4; lastKnownFileType = sourcecode.c.h; path = FMRReferee.h; sourceTree = "<group>"; };
		991BE2DE185E5E1A00AD39CA /* FMRReferee.m */ = {isa = PBXFileReference; fileEncoding = 4; lastKnownFileType = sourcecode.c.objc; path = FMRReferee.m; sourceTree = "<group>"; };
		991BE2DF185E5E1A00AD39CA /* FMRSudzc.h */ = {isa = PBXFileReference; fileEncoding = 4; lastKnownFileType = sourcecode.c.h; path = FMRSudzc.h; sourceTree = "<group>"; };
		991BE2E0185E5E1A00AD39CA /* FMRSudzc.m */ = {isa = PBXFileReference; fileEncoding = 4; lastKnownFileType = sourcecode.c.objc; path = FMRSudzc.m; sourceTree = "<group>"; };
		991BE2E1185E5E1A00AD39CA /* FMRTeam.h */ = {isa = PBXFileReference; fileEncoding = 4; lastKnownFileType = sourcecode.c.h; path = FMRTeam.h; sourceTree = "<group>"; };
		991BE2E2185E5E1A00AD39CA /* FMRTeam.m */ = {isa = PBXFileReference; fileEncoding = 4; lastKnownFileType = sourcecode.c.objc; path = FMRTeam.m; sourceTree = "<group>"; };
		991BE2E3185E5E1A00AD39CA /* FMRTournament.h */ = {isa = PBXFileReference; fileEncoding = 4; lastKnownFileType = sourcecode.c.h; path = FMRTournament.h; sourceTree = "<group>"; };
		991BE2E4185E5E1A00AD39CA /* FMRTournament.m */ = {isa = PBXFileReference; fileEncoding = 4; lastKnownFileType = sourcecode.c.objc; path = FMRTournament.m; sourceTree = "<group>"; };
		991BE2E5185E5E1A00AD39CA /* Soap+Prefix.h */ = {isa = PBXFileReference; fileEncoding = 4; lastKnownFileType = sourcecode.c.h; path = "Soap+Prefix.h"; sourceTree = "<group>"; };
		991BE2E6185E5E1A00AD39CA /* Soap+Prefix.m */ = {isa = PBXFileReference; fileEncoding = 4; lastKnownFileType = sourcecode.c.objc; path = "Soap+Prefix.m"; sourceTree = "<group>"; };
		991BE2FA185F824C00AD39CA /* FMRPlayersListViewController.h */ = {isa = PBXFileReference; fileEncoding = 4; lastKnownFileType = sourcecode.c.h; path = FMRPlayersListViewController.h; sourceTree = "<group>"; };
		991BE2FB185F824C00AD39CA /* FMRPlayersListViewController.m */ = {isa = PBXFileReference; fileEncoding = 4; lastKnownFileType = sourcecode.c.objc; path = FMRPlayersListViewController.m; sourceTree = "<group>"; };
		991BE2FC185F824C00AD39CA /* FMRPlayersListViewController.xib */ = {isa = PBXFileReference; fileEncoding = 4; lastKnownFileType = file.xib; path = FMRPlayersListViewController.xib; sourceTree = "<group>"; };
		991BE2FF185F9DC700AD39CA /* FMRFMRDataController FMRDataController FMRDataController.h */ = {isa = PBXFileReference; fileEncoding = 4; lastKnownFileType = sourcecode.c.h; path = "FMRFMRDataController FMRDataController FMRDataController.h"; sourceTree = "<group>"; };
		991BE300185F9DC800AD39CA /* FMRFMRDataController FMRDataController FMRDataController.m */ = {isa = PBXFileReference; fileEncoding = 4; lastKnownFileType = sourcecode.c.objc; path = "FMRFMRDataController FMRDataController FMRDataController.m"; sourceTree = "<group>"; };
		99323E1418579AEE0055B89C /* FMRTournamentsViewController.xib */ = {isa = PBXFileReference; fileEncoding = 4; lastKnownFileType = file.xib; path = FMRTournamentsViewController.xib; sourceTree = "<group>"; };
		99323E1618579C350055B89C /* FMRLeaguesViewController.h */ = {isa = PBXFileReference; fileEncoding = 4; lastKnownFileType = sourcecode.c.h; path = FMRLeaguesViewController.h; sourceTree = "<group>"; };
		99323E1718579C350055B89C /* FMRLeaguesViewController.m */ = {isa = PBXFileReference; fileEncoding = 4; lastKnownFileType = sourcecode.c.objc; path = FMRLeaguesViewController.m; sourceTree = "<group>"; };
		99323E1818579C350055B89C /* FMRLeaguesViewController.xib */ = {isa = PBXFileReference; fileEncoding = 4; lastKnownFileType = file.xib; path = FMRLeaguesViewController.xib; sourceTree = "<group>"; };
		99323E1B1857A68A0055B89C /* FMRMatchViewController.h */ = {isa = PBXFileReference; fileEncoding = 4; lastKnownFileType = sourcecode.c.h; path = FMRMatchViewController.h; sourceTree = "<group>"; };
		99323E1C1857A68A0055B89C /* FMRMatchViewController.m */ = {isa = PBXFileReference; fileEncoding = 4; lastKnownFileType = sourcecode.c.objc; path = FMRMatchViewController.m; sourceTree = "<group>"; };
		99323E1D1857A68A0055B89C /* FMRMatchViewController.xib */ = {isa = PBXFileReference; fileEncoding = 4; lastKnownFileType = file.xib; path = FMRMatchViewController.xib; sourceTree = "<group>"; };
		99B1C385184308DD0065D754 /* FootballManagementReferee.app */ = {isa = PBXFileReference; explicitFileType = wrapper.application; includeInIndex = 0; path = FootballManagementReferee.app; sourceTree = BUILT_PRODUCTS_DIR; };
		99B1C388184308DD0065D754 /* Foundation.framework */ = {isa = PBXFileReference; lastKnownFileType = wrapper.framework; name = Foundation.framework; path = System/Library/Frameworks/Foundation.framework; sourceTree = SDKROOT; };
		99B1C38A184308DD0065D754 /* CoreGraphics.framework */ = {isa = PBXFileReference; lastKnownFileType = wrapper.framework; name = CoreGraphics.framework; path = System/Library/Frameworks/CoreGraphics.framework; sourceTree = SDKROOT; };
		99B1C38C184308DD0065D754 /* UIKit.framework */ = {isa = PBXFileReference; lastKnownFileType = wrapper.framework; name = UIKit.framework; path = System/Library/Frameworks/UIKit.framework; sourceTree = SDKROOT; };
		99B1C390184308DD0065D754 /* FootballManagementReferee-Info.plist */ = {isa = PBXFileReference; lastKnownFileType = text.plist.xml; path = "FootballManagementReferee-Info.plist"; sourceTree = "<group>"; };
		99B1C392184308DD0065D754 /* en */ = {isa = PBXFileReference; lastKnownFileType = text.plist.strings; name = en; path = en.lproj/InfoPlist.strings; sourceTree = "<group>"; };
		99B1C394184308DD0065D754 /* main.m */ = {isa = PBXFileReference; lastKnownFileType = sourcecode.c.objc; path = main.m; sourceTree = "<group>"; };
		99B1C396184308DD0065D754 /* FootballManagementReferee-Prefix.pch */ = {isa = PBXFileReference; lastKnownFileType = sourcecode.c.h; path = "FootballManagementReferee-Prefix.pch"; sourceTree = "<group>"; };
		99B1C397184308DD0065D754 /* FMRAppDelegate.h */ = {isa = PBXFileReference; lastKnownFileType = sourcecode.c.h; path = FMRAppDelegate.h; sourceTree = "<group>"; };
		99B1C398184308DD0065D754 /* FMRAppDelegate.m */ = {isa = PBXFileReference; lastKnownFileType = sourcecode.c.objc; path = FMRAppDelegate.m; sourceTree = "<group>"; };
		99B1C39D184308DE0065D754 /* FMRTournamentsViewController.h */ = {isa = PBXFileReference; lastKnownFileType = sourcecode.c.h; path = FMRTournamentsViewController.h; sourceTree = "<group>"; };
		99B1C39E184308DE0065D754 /* FMRTournamentsViewController.m */ = {isa = PBXFileReference; lastKnownFileType = sourcecode.c.objc; path = FMRTournamentsViewController.m; sourceTree = "<group>"; };
		99B1C3A0184308DE0065D754 /* Images.xcassets */ = {isa = PBXFileReference; lastKnownFileType = folder.assetcatalog; path = Images.xcassets; sourceTree = "<group>"; };
		99B1C3A6184308DE0065D754 /* FootballManagementRefereeTests.xctest */ = {isa = PBXFileReference; explicitFileType = wrapper.cfbundle; includeInIndex = 0; path = FootballManagementRefereeTests.xctest; sourceTree = BUILT_PRODUCTS_DIR; };
/* End PBXFileReference section */

/* Begin PBXFrameworksBuildPhase section */
		99B1C382184308DD0065D754 /* Frameworks */ = {
			isa = PBXFrameworksBuildPhase;
			buildActionMask = 2147483647;
			files = (
				991B9A9E185A4AC200AA34A6 /* libxml2.dylib in Frameworks */,
				991B9A99185A374700AA34A6 /* SystemConfiguration.framework in Frameworks */,
				99B1C38B184308DD0065D754 /* CoreGraphics.framework in Frameworks */,
				99B1C38D184308DD0065D754 /* UIKit.framework in Frameworks */,
				99B1C389184308DD0065D754 /* Foundation.framework in Frameworks */,
			);
			runOnlyForDeploymentPostprocessing = 0;
		};
		99B1C3A3184308DE0065D754 /* Frameworks */ = {
			isa = PBXFrameworksBuildPhase;
			buildActionMask = 2147483647;
			files = (
				99B1C3AA184308DE0065D754 /* UIKit.framework in Frameworks */,
				99B1C3A9184308DE0065D754 /* Foundation.framework in Frameworks */,
			);
			runOnlyForDeploymentPostprocessing = 0;
		};
/* End PBXFrameworksBuildPhase section */

/* Begin PBXGroup section */
		991B9A04185A363700AA34A6 /* Source */ = {
			isa = PBXGroup;
			children = (
				991BE2C0185E5E1A00AD39CA /* Generated */,
				991B9A2F185A363700AA34A6 /* Soap */,
				991B9A4D185A363700AA34A6 /* TouchXML */,
			);
			path = Source;
			sourceTree = "<group>";
		};
		991B9A2F185A363700AA34A6 /* Soap */ = {
			isa = PBXGroup;
			children = (
				991B9A30185A363700AA34A6 /* NSData+Base64.h */,
				991B9A31185A363700AA34A6 /* NSData+Base64.m */,
				991B9A32185A363700AA34A6 /* NSMutableArray+Soap.h */,
				991B9A33185A363700AA34A6 /* NSMutableArray+Soap.m */,
				991B9A34185A363700AA34A6 /* Soap.h */,
				991B9A35185A363700AA34A6 /* Soap.m */,
				991B9A36185A363700AA34A6 /* SoapArray.h */,
				991B9A37185A363700AA34A6 /* SoapArray.m */,
				991B9A38185A363700AA34A6 /* SoapDelegate.h */,
				991B9A39185A363700AA34A6 /* SoapDictionary.h */,
				991B9A3A185A363700AA34A6 /* SoapDictionary.m */,
				991B9A3B185A363700AA34A6 /* SoapFault.h */,
				991B9A3C185A363700AA34A6 /* SoapFault.m */,
				991B9A3D185A363700AA34A6 /* SoapHandler.h */,
				991B9A3E185A363700AA34A6 /* SoapHandler.m */,
				991B9A3F185A363700AA34A6 /* SoapLiteral.h */,
				991B9A40185A363700AA34A6 /* SoapLiteral.m */,
				991B9A41185A363700AA34A6 /* SoapNil.h */,
				991B9A42185A363700AA34A6 /* SoapNil.m */,
				991B9A43185A363700AA34A6 /* SoapObject.h */,
				991B9A44185A363700AA34A6 /* SoapObject.m */,
				991B9A45185A363700AA34A6 /* SoapParameter.h */,
				991B9A46185A363700AA34A6 /* SoapParameter.m */,
				991B9A47185A363700AA34A6 /* SoapReachability.h */,
				991B9A48185A363700AA34A6 /* SoapReachability.m */,
				991B9A49185A363700AA34A6 /* SoapRequest.h */,
				991B9A4A185A363700AA34A6 /* SoapRequest.m */,
				991B9A4B185A363700AA34A6 /* SoapService.h */,
				991B9A4C185A363700AA34A6 /* SoapService.m */,
			);
			path = Soap;
			sourceTree = "<group>";
		};
		991B9A4D185A363700AA34A6 /* TouchXML */ = {
			isa = PBXGroup;
			children = (
				991B9A4E185A363700AA34A6 /* CTidy.h */,
				991B9A4F185A363700AA34A6 /* CTidy.m */,
				991B9A50185A363700AA34A6 /* CXHTMLDocument.h */,
				991B9A51185A363700AA34A6 /* CXHTMLDocument.m */,
				991B9A52185A363700AA34A6 /* CXMLDocument.h */,
				991B9A53185A363700AA34A6 /* CXMLDocument.m */,
				991B9A54185A363700AA34A6 /* CXMLDocument_CreationExtensions.h */,
				991B9A55185A363700AA34A6 /* CXMLDocument_CreationExtensions.m */,
				991B9A56185A363700AA34A6 /* CXMLDocument_PrivateExtensions.h */,
				991B9A57185A363700AA34A6 /* CXMLDocument_PrivateExtensions.m */,
				991B9A58185A363700AA34A6 /* CXMLElement.h */,
				991B9A59185A363700AA34A6 /* CXMLElement.m */,
				991B9A5A185A363700AA34A6 /* CXMLElement_CreationExtensions.h */,
				991B9A5B185A363700AA34A6 /* CXMLElement_CreationExtensions.m */,
				991B9A5C185A363700AA34A6 /* CXMLElement_ElementTreeExtensions.h */,
				991B9A5D185A363700AA34A6 /* CXMLElement_ElementTreeExtensions.m */,
				991B9A5E185A363700AA34A6 /* CXMLNamespaceNode.h */,
				991B9A5F185A363700AA34A6 /* CXMLNamespaceNode.m */,
				991B9A60185A363700AA34A6 /* CXMLNode.h */,
				991B9A61185A363700AA34A6 /* CXMLNode.m */,
				991B9A62185A363700AA34A6 /* CXMLNode_CreationExtensions.h */,
				991B9A63185A363700AA34A6 /* CXMLNode_CreationExtensions.m */,
				991B9A64185A363700AA34A6 /* CXMLNode_PrivateExtensions.h */,
				991B9A65185A363700AA34A6 /* CXMLNode_PrivateExtensions.m */,
				991B9A66185A363700AA34A6 /* CXMLNode_XPathExtensions.h */,
				991B9A67185A363700AA34A6 /* CXMLNode_XPathExtensions.m */,
				991B9A68185A363700AA34A6 /* TouchXML.h */,
			);
			path = TouchXML;
			sourceTree = "<group>";
		};
		991BE2C0185E5E1A00AD39CA /* Generated */ = {
			isa = PBXGroup;
			children = (
				991BE2C1185E5E1A00AD39CA /* FMRArrayOfCard.h */,
				991BE2C2185E5E1A00AD39CA /* FMRArrayOfCard.m */,
				991BE2C3185E5E1A00AD39CA /* FMRArrayOfGoal.h */,
				991BE2C4185E5E1A00AD39CA /* FMRArrayOfGoal.m */,
				991BE2C5185E5E1A00AD39CA /* FMRArrayOfMatch.h */,
				991BE2C6185E5E1A00AD39CA /* FMRArrayOfMatch.m */,
				991BE2C7185E5E1A00AD39CA /* FMRArrayOfPlayer.h */,
				991BE2C8185E5E1A00AD39CA /* FMRArrayOfPlayer.m */,
				991BE2C9185E5E1A00AD39CA /* FMRArrayOfReferee.h */,
				991BE2CA185E5E1A00AD39CA /* FMRArrayOfReferee.m */,
				991BE2CB185E5E1A00AD39CA /* FMRArrayOfTeam.h */,
				991BE2CC185E5E1A00AD39CA /* FMRArrayOfTeam.m */,
				991BE2CD185E5E1A00AD39CA /* FMRArrayOfTournament.h */,
				991BE2CE185E5E1A00AD39CA /* FMRArrayOfTournament.m */,
				991BE2CF185E5E1A00AD39CA /* FMRCard.h */,
				991BE2D0185E5E1A00AD39CA /* FMRCard.m */,
				991BE2D1185E5E1A00AD39CA /* FMRCompositeType.h */,
				991BE2D2185E5E1A00AD39CA /* FMRCompositeType.m */,
				991BE2D3185E5E1A00AD39CA /* FMRFootballManagementService.h */,
				991BE2D4185E5E1A00AD39CA /* FMRFootballManagementService.m */,
				991BE2D5185E5E1A00AD39CA /* FMRGoal.h */,
				991BE2D6185E5E1A00AD39CA /* FMRGoal.m */,
				991BE2D7185E5E1A00AD39CA /* FMRMatch.h */,
				991BE2D8185E5E1A00AD39CA /* FMRMatch.m */,
				991BE2D9185E5E1A00AD39CA /* FMRPerson.h */,
				991BE2DA185E5E1A00AD39CA /* FMRPerson.m */,
				991BE2DB185E5E1A00AD39CA /* FMRPlayer.h */,
				991BE2DC185E5E1A00AD39CA /* FMRPlayer.m */,
				991BE2DD185E5E1A00AD39CA /* FMRReferee.h */,
				991BE2DE185E5E1A00AD39CA /* FMRReferee.m */,
				991BE2DF185E5E1A00AD39CA /* FMRSudzc.h */,
				991BE2E0185E5E1A00AD39CA /* FMRSudzc.m */,
				991BE2E1185E5E1A00AD39CA /* FMRTeam.h */,
				991BE2E2185E5E1A00AD39CA /* FMRTeam.m */,
				991BE2E3185E5E1A00AD39CA /* FMRTournament.h */,
				991BE2E4185E5E1A00AD39CA /* FMRTournament.m */,
				991BE2E5185E5E1A00AD39CA /* Soap+Prefix.h */,
				991BE2E6185E5E1A00AD39CA /* Soap+Prefix.m */,
			);
			path = Generated;
			sourceTree = "<group>";
		};
		99323DF01857114A0055B89C /* Model */ = {
			isa = PBXGroup;
			children = (
				991B9A04185A363700AA34A6 /* Source */,
			);
			name = Model;
			sourceTree = "<group>";
		};
		99B1C37C184308DC0065D754 = {
			isa = PBXGroup;
			children = (
				99B1C38E184308DD0065D754 /* FootballManagementReferee */,
				99B1C387184308DD0065D754 /* Frameworks */,
				99B1C386184308DD0065D754 /* Products */,
			);
			sourceTree = "<group>";
		};
		99B1C386184308DD0065D754 /* Products */ = {
			isa = PBXGroup;
			children = (
				99B1C385184308DD0065D754 /* FootballManagementReferee.app */,
				99B1C3A6184308DE0065D754 /* FootballManagementRefereeTests.xctest */,
			);
			name = Products;
			sourceTree = "<group>";
		};
		99B1C387184308DD0065D754 /* Frameworks */ = {
			isa = PBXGroup;
			children = (
				991B9A9A185A46B600AA34A6 /* libxml2.dylib */,
				991B9A98185A374700AA34A6 /* SystemConfiguration.framework */,
				99B1C388184308DD0065D754 /* Foundation.framework */,
				99B1C38A184308DD0065D754 /* CoreGraphics.framework */,
				99B1C38C184308DD0065D754 /* UIKit.framework */,
			);
			name = Frameworks;
			sourceTree = "<group>";
		};
		99B1C38E184308DD0065D754 /* FootballManagementReferee */ = {
			isa = PBXGroup;
			children = (
				99B1C397184308DD0065D754 /* FMRAppDelegate.h */,
				99B1C398184308DD0065D754 /* FMRAppDelegate.m */,
				99B1C39D184308DE0065D754 /* FMRTournamentsViewController.h */,
				99B1C39E184308DE0065D754 /* FMRTournamentsViewController.m */,
				99323E1418579AEE0055B89C /* FMRTournamentsViewController.xib */,
				99323E1618579C350055B89C /* FMRLeaguesViewController.h */,
				99323E1718579C350055B89C /* FMRLeaguesViewController.m */,
				99323E1818579C350055B89C /* FMRLeaguesViewController.xib */,
				99323E1B1857A68A0055B89C /* FMRMatchViewController.h */,
				99323E1C1857A68A0055B89C /* FMRMatchViewController.m */,
				99323E1D1857A68A0055B89C /* FMRMatchViewController.xib */,
				991BE2FA185F824C00AD39CA /* FMRPlayersListViewController.h */,
				991BE2FB185F824C00AD39CA /* FMRPlayersListViewController.m */,
				991BE2FC185F824C00AD39CA /* FMRPlayersListViewController.xib */,
				991BE2FF185F9DC700AD39CA /* FMRFMRDataController FMRDataController FMRDataController.h */,
				991BE300185F9DC800AD39CA /* FMRFMRDataController FMRDataController FMRDataController.m */,
				99B1C3A0184308DE0065D754 /* Images.xcassets */,
				99323DF01857114A0055B89C /* Model */,
				99B1C38F184308DD0065D754 /* Supporting Files */,
			);
			path = FootballManagementReferee;
			sourceTree = "<group>";
		};
		99B1C38F184308DD0065D754 /* Supporting Files */ = {
			isa = PBXGroup;
			children = (
				99B1C390184308DD0065D754 /* FootballManagementReferee-Info.plist */,
				99B1C391184308DD0065D754 /* InfoPlist.strings */,
				99B1C394184308DD0065D754 /* main.m */,
				99B1C396184308DD0065D754 /* FootballManagementReferee-Prefix.pch */,
			);
			name = "Supporting Files";
			sourceTree = "<group>";
		};
/* End PBXGroup section */

/* Begin PBXNativeTarget section */
		99B1C384184308DD0065D754 /* FootballManagementReferee */ = {
			isa = PBXNativeTarget;
			buildConfigurationList = 99B1C3B7184308DE0065D754 /* Build configuration list for PBXNativeTarget "FootballManagementReferee" */;
			buildPhases = (
				99B1C381184308DD0065D754 /* Sources */,
				99B1C382184308DD0065D754 /* Frameworks */,
				99B1C383184308DD0065D754 /* Resources */,
			);
			buildRules = (
			);
			dependencies = (
			);
			name = FootballManagementReferee;
			productName = FootballManagementReferee;
			productReference = 99B1C385184308DD0065D754 /* FootballManagementReferee.app */;
			productType = "com.apple.product-type.application";
		};
		99B1C3A5184308DE0065D754 /* FootballManagementRefereeTests */ = {
			isa = PBXNativeTarget;
			buildConfigurationList = 99B1C3BA184308DE0065D754 /* Build configuration list for PBXNativeTarget "FootballManagementRefereeTests" */;
			buildPhases = (
				99B1C3A2184308DE0065D754 /* Sources */,
				99B1C3A3184308DE0065D754 /* Frameworks */,
				99B1C3A4184308DE0065D754 /* Resources */,
			);
			buildRules = (
			);
			dependencies = (
				99B1C3AC184308DE0065D754 /* PBXTargetDependency */,
			);
			name = FootballManagementRefereeTests;
			productName = FootballManagementRefereeTests;
			productReference = 99B1C3A6184308DE0065D754 /* FootballManagementRefereeTests.xctest */;
			productType = "com.apple.product-type.bundle.unit-test";
		};
/* End PBXNativeTarget section */

/* Begin PBXProject section */
		99B1C37D184308DC0065D754 /* Project object */ = {
			isa = PBXProject;
			attributes = {
				CLASSPREFIX = FMR;
				LastUpgradeCheck = 0500;
				ORGANIZATIONNAME = "Omar Gudino";
				TargetAttributes = {
					99B1C3A5184308DE0065D754 = {
						TestTargetID = 99B1C384184308DD0065D754;
					};
				};
			};
			buildConfigurationList = 99B1C380184308DD0065D754 /* Build configuration list for PBXProject "FootballManagementReferee" */;
			compatibilityVersion = "Xcode 3.2";
			developmentRegion = English;
			hasScannedForEncodings = 0;
			knownRegions = (
				en,
				Base,
			);
			mainGroup = 99B1C37C184308DC0065D754;
			productRefGroup = 99B1C386184308DD0065D754 /* Products */;
			projectDirPath = "";
			projectRoot = "";
			targets = (
				99B1C384184308DD0065D754 /* FootballManagementReferee */,
				99B1C3A5184308DE0065D754 /* FootballManagementRefereeTests */,
			);
		};
/* End PBXProject section */

/* Begin PBXResourcesBuildPhase section */
		99B1C383184308DD0065D754 /* Resources */ = {
			isa = PBXResourcesBuildPhase;
			buildActionMask = 2147483647;
			files = (
				991BE2FE185F824D00AD39CA /* FMRPlayersListViewController.xib in Resources */,
				99B1C3A1184308DE0065D754 /* Images.xcassets in Resources */,
				99B1C393184308DD0065D754 /* InfoPlist.strings in Resources */,
				99323E1518579AEE0055B89C /* FMRTournamentsViewController.xib in Resources */,
				99323E1A18579C350055B89C /* FMRLeaguesViewController.xib in Resources */,
				99323E1F1857A68A0055B89C /* FMRMatchViewController.xib in Resources */,
			);
			runOnlyForDeploymentPostprocessing = 0;
		};
		99B1C3A4184308DE0065D754 /* Resources */ = {
			isa = PBXResourcesBuildPhase;
			buildActionMask = 2147483647;
			files = (
			);
			runOnlyForDeploymentPostprocessing = 0;
		};
/* End PBXResourcesBuildPhase section */

/* Begin PBXSourcesBuildPhase section */
		99B1C381184308DD0065D754 /* Sources */ = {
			isa = PBXSourcesBuildPhase;
			buildActionMask = 2147483647;
			files = (
				991B9A81185A363700AA34A6 /* SoapDictionary.m in Sources */,
				991BE2F5185E5E1B00AD39CA /* FMRReferee.m in Sources */,
				991BE2EC185E5E1A00AD39CA /* FMRArrayOfTeam.m in Sources */,
				991BE2F7185E5E1B00AD39CA /* FMRTeam.m in Sources */,
				991BE2F6185E5E1B00AD39CA /* FMRSudzc.m in Sources */,
				991B9A7F185A363700AA34A6 /* Soap.m in Sources */,
				991B9A82185A363700AA34A6 /* SoapFault.m in Sources */,
				991BE2E7185E5E1A00AD39CA /* FMRArrayOfCard.m in Sources */,
				99323E1918579C350055B89C /* FMRLeaguesViewController.m in Sources */,
				991B9A93185A363700AA34A6 /* CXMLNamespaceNode.m in Sources */,
				991B9A94185A363700AA34A6 /* CXMLNode.m in Sources */,
				991B9A8E185A363700AA34A6 /* CXMLDocument_CreationExtensions.m in Sources */,
				991BE2ED185E5E1A00AD39CA /* FMRArrayOfTournament.m in Sources */,
				991B9A89185A363700AA34A6 /* SoapRequest.m in Sources */,
				991BE301185F9DC800AD39CA /* FMRFMRDataController FMRDataController FMRDataController.m in Sources */,
				991B9A8C185A363700AA34A6 /* CXHTMLDocument.m in Sources */,
				991B9A97185A363700AA34A6 /* CXMLNode_XPathExtensions.m in Sources */,
				991B9A87185A363700AA34A6 /* SoapParameter.m in Sources */,
				991B9A85185A363700AA34A6 /* SoapNil.m in Sources */,
				991B9A80185A363700AA34A6 /* SoapArray.m in Sources */,
				991B9A95185A363700AA34A6 /* CXMLNode_CreationExtensions.m in Sources */,
				99B1C39F184308DE0065D754 /* FMRTournamentsViewController.m in Sources */,
				99323E1E1857A68A0055B89C /* FMRMatchViewController.m in Sources */,
				991BE2F2185E5E1B00AD39CA /* FMRMatch.m in Sources */,
				991B9A84185A363700AA34A6 /* SoapLiteral.m in Sources */,
				99B1C399184308DD0065D754 /* FMRAppDelegate.m in Sources */,
				991BE2EA185E5E1A00AD39CA /* FMRArrayOfPlayer.m in Sources */,
				991B9A90185A363700AA34A6 /* CXMLElement.m in Sources */,
				991B9A8D185A363700AA34A6 /* CXMLDocument.m in Sources */,
				991BE2F9185E5E1B00AD39CA /* Soap+Prefix.m in Sources */,
				991BE2F8185E5E1B00AD39CA /* FMRTournament.m in Sources */,
				991B9A86185A363700AA34A6 /* SoapObject.m in Sources */,
				991B9A96185A363700AA34A6 /* CXMLNode_PrivateExtensions.m in Sources */,
				991B9A92185A363700AA34A6 /* CXMLElement_ElementTreeExtensions.m in Sources */,
				991BE2FD185F824C00AD39CA /* FMRPlayersListViewController.m in Sources */,
				991BE2EE185E5E1A00AD39CA /* FMRCard.m in Sources */,
				991B9A7D185A363700AA34A6 /* NSData+Base64.m in Sources */,
				991BE2F0185E5E1A00AD39CA /* FMRFootballManagementService.m in Sources */,
				991BE2EF185E5E1A00AD39CA /* FMRCompositeType.m in Sources */,
				99B1C395184308DD0065D754 /* main.m in Sources */,
				991BE2F3185E5E1B00AD39CA /* FMRPerson.m in Sources */,
				991B9A7E185A363700AA34A6 /* NSMutableArray+Soap.m in Sources */,
				991BE2E8185E5E1A00AD39CA /* FMRArrayOfGoal.m in Sources */,
				991BE2EB185E5E1A00AD39CA /* FMRArrayOfReferee.m in Sources */,
				991B9A88185A363700AA34A6 /* SoapReachability.m in Sources */,
				991B9A91185A363700AA34A6 /* CXMLElement_CreationExtensions.m in Sources */,
				991BE2E9185E5E1A00AD39CA /* FMRArrayOfMatch.m in Sources */,
				991B9A8A185A363700AA34A6 /* SoapService.m in Sources */,
				991B9A83185A363700AA34A6 /* SoapHandler.m in Sources */,
				991BE2F1185E5E1A00AD39CA /* FMRGoal.m in Sources */,
				991B9A8F185A363700AA34A6 /* CXMLDocument_PrivateExtensions.m in Sources */,
				991BE2F4185E5E1B00AD39CA /* FMRPlayer.m in Sources */,
				991B9A8B185A363700AA34A6 /* CTidy.m in Sources */,
			);
			runOnlyForDeploymentPostprocessing = 0;
		};
		99B1C3A2184308DE0065D754 /* Sources */ = {
			isa = PBXSourcesBuildPhase;
			buildActionMask = 2147483647;
			files = (
			);
			runOnlyForDeploymentPostprocessing = 0;
		};
/* End PBXSourcesBuildPhase section */

/* Begin PBXTargetDependency section */
		99B1C3AC184308DE0065D754 /* PBXTargetDependency */ = {
			isa = PBXTargetDependency;
			target = 99B1C384184308DD0065D754 /* FootballManagementReferee */;
			targetProxy = 99B1C3AB184308DE0065D754 /* PBXContainerItemProxy */;
		};
/* End PBXTargetDependency section */

/* Begin PBXVariantGroup section */
		99B1C391184308DD0065D754 /* InfoPlist.strings */ = {
			isa = PBXVariantGroup;
			children = (
				99B1C392184308DD0065D754 /* en */,
			);
			name = InfoPlist.strings;
			sourceTree = "<group>";
		};
/* End PBXVariantGroup section */

/* Begin XCBuildConfiguration section */
		99B1C3B5184308DE0065D754 /* Debug */ = {
			isa = XCBuildConfiguration;
			buildSettings = {
				ALWAYS_SEARCH_USER_PATHS = NO;
				ARCHS = "$(ARCHS_STANDARD_INCLUDING_64_BIT)";
				CLANG_CXX_LANGUAGE_STANDARD = "gnu++0x";
				CLANG_CXX_LIBRARY = "libc++";
				CLANG_ENABLE_MODULES = YES;
				CLANG_ENABLE_OBJC_ARC = YES;
				CLANG_WARN_BOOL_CONVERSION = YES;
				CLANG_WARN_CONSTANT_CONVERSION = YES;
				CLANG_WARN_DIRECT_OBJC_ISA_USAGE = YES_ERROR;
				CLANG_WARN_EMPTY_BODY = YES;
				CLANG_WARN_ENUM_CONVERSION = YES;
				CLANG_WARN_INT_CONVERSION = YES;
				CLANG_WARN_OBJC_ROOT_CLASS = YES_ERROR;
				CLANG_WARN__DUPLICATE_METHOD_MATCH = YES;
				"CODE_SIGN_IDENTITY[sdk=iphoneos*]" = "iPhone Developer";
				COPY_PHASE_STRIP = NO;
				GCC_C_LANGUAGE_STANDARD = gnu99;
				GCC_DYNAMIC_NO_PIC = NO;
				GCC_OPTIMIZATION_LEVEL = 0;
				GCC_PREPROCESSOR_DEFINITIONS = (
					"DEBUG=1",
					"$(inherited)",
				);
				GCC_SYMBOLS_PRIVATE_EXTERN = NO;
				GCC_WARN_64_TO_32_BIT_CONVERSION = YES;
				GCC_WARN_ABOUT_RETURN_TYPE = YES_ERROR;
				GCC_WARN_UNDECLARED_SELECTOR = YES;
				GCC_WARN_UNINITIALIZED_AUTOS = YES;
				GCC_WARN_UNUSED_FUNCTION = YES;
				GCC_WARN_UNUSED_VARIABLE = YES;
				IPHONEOS_DEPLOYMENT_TARGET = 7.0;
				ONLY_ACTIVE_ARCH = YES;
				SDKROOT = iphoneos;
			};
			name = Debug;
		};
		99B1C3B6184308DE0065D754 /* Release */ = {
			isa = XCBuildConfiguration;
			buildSettings = {
				ALWAYS_SEARCH_USER_PATHS = NO;
				ARCHS = "$(ARCHS_STANDARD_INCLUDING_64_BIT)";
				CLANG_CXX_LANGUAGE_STANDARD = "gnu++0x";
				CLANG_CXX_LIBRARY = "libc++";
				CLANG_ENABLE_MODULES = YES;
				CLANG_ENABLE_OBJC_ARC = YES;
				CLANG_WARN_BOOL_CONVERSION = YES;
				CLANG_WARN_CONSTANT_CONVERSION = YES;
				CLANG_WARN_DIRECT_OBJC_ISA_USAGE = YES_ERROR;
				CLANG_WARN_EMPTY_BODY = YES;
				CLANG_WARN_ENUM_CONVERSION = YES;
				CLANG_WARN_INT_CONVERSION = YES;
				CLANG_WARN_OBJC_ROOT_CLASS = YES_ERROR;
				CLANG_WARN__DUPLICATE_METHOD_MATCH = YES;
				"CODE_SIGN_IDENTITY[sdk=iphoneos*]" = "iPhone Developer";
				COPY_PHASE_STRIP = YES;
				ENABLE_NS_ASSERTIONS = NO;
				GCC_C_LANGUAGE_STANDARD = gnu99;
				GCC_WARN_64_TO_32_BIT_CONVERSION = YES;
				GCC_WARN_ABOUT_RETURN_TYPE = YES_ERROR;
				GCC_WARN_UNDECLARED_SELECTOR = YES;
				GCC_WARN_UNINITIALIZED_AUTOS = YES;
				GCC_WARN_UNUSED_FUNCTION = YES;
				GCC_WARN_UNUSED_VARIABLE = YES;
				IPHONEOS_DEPLOYMENT_TARGET = 7.0;
				SDKROOT = iphoneos;
				VALIDATE_PRODUCT = YES;
			};
			name = Release;
		};
		99B1C3B8184308DE0065D754 /* Debug */ = {
			isa = XCBuildConfiguration;
			buildSettings = {
				ASSETCATALOG_COMPILER_APPICON_NAME = AppIcon;
				ASSETCATALOG_COMPILER_LAUNCHIMAGE_NAME = LaunchImage;
				GCC_PRECOMPILE_PREFIX_HEADER = YES;
				GCC_PREFIX_HEADER = "FootballManagementReferee/FootballManagementReferee-Prefix.pch";
				HEADER_SEARCH_PATHS = (
					"$(inherited)",
					/Applications/Xcode.app/Contents/Developer/Toolchains/XcodeDefault.xctoolchain/usr/include,
					/usr/include/libxml2,
				);
				INFOPLIST_FILE = "FootballManagementReferee/FootballManagementReferee-Info.plist";
				OTHER_LDFLAGS = "-lxml2";
				PRODUCT_NAME = "$(TARGET_NAME)";
				WRAPPER_EXTENSION = app;
			};
			name = Debug;
		};
		99B1C3B9184308DE0065D754 /* Release */ = {
			isa = XCBuildConfiguration;
			buildSettings = {
				ASSETCATALOG_COMPILER_APPICON_NAME = AppIcon;
				ASSETCATALOG_COMPILER_LAUNCHIMAGE_NAME = LaunchImage;
				GCC_PRECOMPILE_PREFIX_HEADER = YES;
				GCC_PREFIX_HEADER = "FootballManagementReferee/FootballManagementReferee-Prefix.pch";
				HEADER_SEARCH_PATHS = (
					"$(inherited)",
					/Applications/Xcode.app/Contents/Developer/Toolchains/XcodeDefault.xctoolchain/usr/include,
					/usr/include/libxml2,
				);
				INFOPLIST_FILE = "FootballManagementReferee/FootballManagementReferee-Info.plist";
				OTHER_LDFLAGS = "-lxml2";
				PRODUCT_NAME = "$(TARGET_NAME)";
				WRAPPER_EXTENSION = app;
			};
			name = Release;
		};
		99B1C3BB184308DE0065D754 /* Debug */ = {
			isa = XCBuildConfiguration;
			buildSettings = {
				ARCHS = "$(ARCHS_STANDARD_INCLUDING_64_BIT)";
				BUNDLE_LOADER = "$(BUILT_PRODUCTS_DIR)/FootballManagementReferee.app/FootballManagementReferee";
				FRAMEWORK_SEARCH_PATHS = (
					"$(SDKROOT)/Developer/Library/Frameworks",
					"$(inherited)",
					"$(DEVELOPER_FRAMEWORKS_DIR)",
				);
				GCC_PRECOMPILE_PREFIX_HEADER = YES;
				GCC_PREFIX_HEADER = "FootballManagementReferee/FootballManagementReferee-Prefix.pch";
				GCC_PREPROCESSOR_DEFINITIONS = (
					"DEBUG=1",
					"$(inherited)",
				);
				INFOPLIST_FILE = "FootballManagementRefereeTests/FootballManagementRefereeTests-Info.plist";
				PRODUCT_NAME = "$(TARGET_NAME)";
				TEST_HOST = "$(BUNDLE_LOADER)";
				WRAPPER_EXTENSION = xctest;
			};
			name = Debug;
		};
		99B1C3BC184308DE0065D754 /* Release */ = {
			isa = XCBuildConfiguration;
			buildSettings = {
				ARCHS = "$(ARCHS_STANDARD_INCLUDING_64_BIT)";
				BUNDLE_LOADER = "$(BUILT_PRODUCTS_DIR)/FootballManagementReferee.app/FootballManagementReferee";
				FRAMEWORK_SEARCH_PATHS = (
					"$(SDKROOT)/Developer/Library/Frameworks",
					"$(inherited)",
					"$(DEVELOPER_FRAMEWORKS_DIR)",
				);
				GCC_PRECOMPILE_PREFIX_HEADER = YES;
				GCC_PREFIX_HEADER = "FootballManagementReferee/FootballManagementReferee-Prefix.pch";
				INFOPLIST_FILE = "FootballManagementRefereeTests/FootballManagementRefereeTests-Info.plist";
				PRODUCT_NAME = "$(TARGET_NAME)";
				TEST_HOST = "$(BUNDLE_LOADER)";
				WRAPPER_EXTENSION = xctest;
			};
			name = Release;
		};
/* End XCBuildConfiguration section */

/* Begin XCConfigurationList section */
		99B1C380184308DD0065D754 /* Build configuration list for PBXProject "FootballManagementReferee" */ = {
			isa = XCConfigurationList;
			buildConfigurations = (
				99B1C3B5184308DE0065D754 /* Debug */,
				99B1C3B6184308DE0065D754 /* Release */,
			);
			defaultConfigurationIsVisible = 0;
			defaultConfigurationName = Release;
		};
		99B1C3B7184308DE0065D754 /* Build configuration list for PBXNativeTarget "FootballManagementReferee" */ = {
			isa = XCConfigurationList;
			buildConfigurations = (
				99B1C3B8184308DE0065D754 /* Debug */,
				99B1C3B9184308DE0065D754 /* Release */,
			);
			defaultConfigurationIsVisible = 0;
			defaultConfigurationName = Release;
		};
		99B1C3BA184308DE0065D754 /* Build configuration list for PBXNativeTarget "FootballManagementRefereeTests" */ = {
			isa = XCConfigurationList;
			buildConfigurations = (
				99B1C3BB184308DE0065D754 /* Debug */,
				99B1C3BC184308DE0065D754 /* Release */,
			);
			defaultConfigurationIsVisible = 0;
			defaultConfigurationName = Release;
		};
/* End XCConfigurationList section */
	};
	rootObject = 99B1C37D184308DC0065D754 /* Project object */;
}
